
Microsoft Visual Studio Solution File, Format Version 12.00
# Visual Studio Version 17
VisualStudioVersion = 17.13.36105.23
MinimumVisualStudioVersion = 10.0.40219.1
Project("{2150E333-8FDC-42A3-9474-1A3956D46DE8}") = "src", "src", "{02EA681E-C7D8-13C7-8484-4AC65E1B71E8}"
EndProject
Project("{FAE04EC0-301F-11D3-BF4B-00C04F79EFBC}") = "FileNet.WebFramework", "src\FileNet.WebFramework\FileNet.WebFramework.csproj", "{4F678930-9ADC-4C13-A474-3864337677F4}"
EndProject
Project("{FAE04EC0-301F-11D3-BF4B-00C04F79EFBC}") = "FileNet.WebApplication", "src\FileNet.WebApplication\FileNet.WebApplication.csproj", "{429A6CA4-8E78-49A0-B219-5B6C8A812C13}"
EndProject
Project("{2150E333-8FDC-42A3-9474-1A3956D46DE8}") = "tests", "tests", "{734C369B-4357-4C2B-B4BF-A94ADC713E86}"
EndProject
Project("{FAE04EC0-301F-11D3-BF4B-00C04F79EFBC}") = "FileNet.Tests", "tests\FileNet.Tests\FileNet.Tests.csproj", "{1EFDD8F2-A90A-41C7-8FCD-70D906021B19}"
EndProject
Project("{FAE04EC0-301F-11D3-BF4B-00C04F79EFBC}") = "FileNet.ScanLauncher", "src\FileNet.ScanLauncher\FileNet.ScanLauncher.csproj", "{646FBEEC-8CF7-4278-B4F1-56F71E24EF33}"
EndProject
Project("{2150E333-8FDC-42A3-9474-1A3956D46DE8}") = "Core", "Core", "{BB3F6B89-3FB4-4ACB-BE90-32E01F73070A}"
EndProject
Project("{2150E333-8FDC-42A3-9474-1A3956D46DE8}") = "Infrastructure", "Infrastructure", "{48C9124F-2B48-4A19-93A9-576E8809CC47}"
EndProject
Project("{2150E333-8FDC-42A3-9474-1A3956D46DE8}") = "Presentation", "Presentation", "{4F188C9C-8365-45DE-A817-257A28F676D0}"
EndProject
Project("{FAE04EC0-301F-11D3-BF4B-00C04F79EFBC}") = "FileNet.Domain", "src\Core\FileNet.Domain\FileNet.Domain.csproj", "{2236D674-8D58-45CB-B6F9-5FF8170C8C0B}"
EndProject
Project("{FAE04EC0-301F-11D3-BF4B-00C04F79EFBC}") = "FileNet.Application", "src\Core\FileNet.Application\FileNet.Application.csproj", "{081D563A-7559-4670-A49C-F9BD7725F6C1}"
EndProject
Project("{FAE04EC0-301F-11D3-BF4B-00C04F79EFBC}") = "FileNet.Infrastructure", "src\Infrastructure\FileNet.Infrastructure\FileNet.Infrastructure.csproj", "{87948DDE-4D3B-4692-88A3-84FA9796324D}"
EndProject
Project("{FAE04EC0-301F-11D3-BF4B-00C04F79EFBC}") = "FileNet.App", "src\Presentation\FileNet.App\FileNet.App.csproj", "{494FF413-AD38-446F-BAC6-60F78C22455B}"
EndProject
Global
	GlobalSection(SolutionConfigurationPlatforms) = preSolution
		Debug|Any CPU = Debug|Any CPU
		Release|Any CPU = Release|Any CPU
	EndGlobalSection
	GlobalSection(ProjectConfigurationPlatforms) = postSolution
		{4F678930-9ADC-4C13-A474-3864337677F4}.Debug|Any CPU.ActiveCfg = Debug|Any CPU
		{4F678930-9ADC-4C13-A474-3864337677F4}.Debug|Any CPU.Build.0 = Debug|Any CPU
		{4F678930-9ADC-4C13-A474-3864337677F4}.Release|Any CPU.ActiveCfg = Release|Any CPU
		{4F678930-9ADC-4C13-A474-3864337677F4}.Release|Any CPU.Build.0 = Release|Any CPU
		{429A6CA4-8E78-49A0-B219-5B6C8A812C13}.Debug|Any CPU.ActiveCfg = Debug|Any CPU
		{429A6CA4-8E78-49A0-B219-5B6C8A812C13}.Debug|Any CPU.Build.0 = Debug|Any CPU
		{429A6CA4-8E78-49A0-B219-5B6C8A812C13}.Release|Any CPU.ActiveCfg = Release|Any CPU
		{429A6CA4-8E78-49A0-B219-5B6C8A812C13}.Release|Any CPU.Build.0 = Release|Any CPU
		{1EFDD8F2-A90A-41C7-8FCD-70D906021B19}.Debug|Any CPU.ActiveCfg = Debug|Any CPU
		{1EFDD8F2-A90A-41C7-8FCD-70D906021B19}.Debug|Any CPU.Build.0 = Debug|Any CPU
		{1EFDD8F2-A90A-41C7-8FCD-70D906021B19}.Release|Any CPU.ActiveCfg = Release|Any CPU
		{1EFDD8F2-A90A-41C7-8FCD-70D906021B19}.Release|Any CPU.Build.0 = Release|Any CPU
		{646FBEEC-8CF7-4278-B4F1-56F71E24EF33}.Debug|Any CPU.ActiveCfg = Debug|Any CPU
		{646FBEEC-8CF7-4278-B4F1-56F71E24EF33}.Debug|Any CPU.Build.0 = Debug|Any CPU
		{646FBEEC-8CF7-4278-B4F1-56F71E24EF33}.Release|Any CPU.ActiveCfg = Release|Any CPU
		{646FBEEC-8CF7-4278-B4F1-56F71E24EF33}.Release|Any CPU.Build.0 = Release|Any CPU
		{2236D674-8D58-45CB-B6F9-5FF8170C8C0B}.Debug|Any CPU.ActiveCfg = Debug|Any CPU
		{2236D674-8D58-45CB-B6F9-5FF8170C8C0B}.Debug|Any CPU.Build.0 = Debug|Any CPU
		{2236D674-8D58-45CB-B6F9-5FF8170C8C0B}.Release|Any CPU.ActiveCfg = Release|Any CPU
		{2236D674-8D58-45CB-B6F9-5FF8170C8C0B}.Release|Any CPU.Build.0 = Release|Any CPU
		{081D563A-7559-4670-A49C-F9BD7725F6C1}.Debug|Any CPU.ActiveCfg = Debug|Any CPU
		{081D563A-7559-4670-A49C-F9BD7725F6C1}.Debug|Any CPU.Build.0 = Debug|Any CPU
		{081D563A-7559-4670-A49C-F9BD7725F6C1}.Release|Any CPU.ActiveCfg = Release|Any CPU
		{081D563A-7559-4670-A49C-F9BD7725F6C1}.Release|Any CPU.Build.0 = Release|Any CPU
		{87948DDE-4D3B-4692-88A3-84FA9796324D}.Debug|Any CPU.ActiveCfg = Debug|Any CPU
		{87948DDE-4D3B-4692-88A3-84FA9796324D}.Debug|Any CPU.Build.0 = Debug|Any CPU
		{87948DDE-4D3B-4692-88A3-84FA9796324D}.Release|Any CPU.ActiveCfg = Release|Any CPU
		{87948DDE-4D3B-4692-88A3-84FA9796324D}.Release|Any CPU.Build.0 = Release|Any CPU
		{494FF413-AD38-446F-BAC6-60F78C22455B}.Debug|Any CPU.ActiveCfg = Debug|Any CPU
		{494FF413-AD38-446F-BAC6-60F78C22455B}.Debug|Any CPU.Build.0 = Debug|Any CPU
		{494FF413-AD38-446F-BAC6-60F78C22455B}.Release|Any CPU.ActiveCfg = Release|Any CPU
		{494FF413-AD38-446F-BAC6-60F78C22455B}.Release|Any CPU.Build.0 = Release|Any CPU
	EndGlobalSection
	GlobalSection(SolutionProperties) = preSolution
		HideSolutionNode = FALSE
	EndGlobalSection
	GlobalSection(NestedProjects) = preSolution
		{4F678930-9ADC-4C13-A474-3864337677F4} = {02EA681E-C7D8-13C7-8484-4AC65E1B71E8}
		{429A6CA4-8E78-49A0-B219-5B6C8A812C13} = {02EA681E-C7D8-13C7-8484-4AC65E1B71E8}
		{1EFDD8F2-A90A-41C7-8FCD-70D906021B19} = {734C369B-4357-4C2B-B4BF-A94ADC713E86}
		{646FBEEC-8CF7-4278-B4F1-56F71E24EF33} = {02EA681E-C7D8-13C7-8484-4AC65E1B71E8}
		{BB3F6B89-3FB4-4ACB-BE90-32E01F73070A} = {02EA681E-C7D8-13C7-8484-4AC65E1B71E8}
		{48C9124F-2B48-4A19-93A9-576E8809CC47} = {02EA681E-C7D8-13C7-8484-4AC65E1B71E8}
		{4F188C9C-8365-45DE-A817-257A28F676D0} = {02EA681E-C7D8-13C7-8484-4AC65E1B71E8}
		{2236D674-8D58-45CB-B6F9-5FF8170C8C0B} = {BB3F6B89-3FB4-4ACB-BE90-32E01F73070A}
		{081D563A-7559-4670-A49C-F9BD7725F6C1} = {BB3F6B89-3FB4-4ACB-BE90-32E01F73070A}
		{87948DDE-4D3B-4692-88A3-84FA9796324D} = {48C9124F-2B48-4A19-93A9-576E8809CC47}
		{494FF413-AD38-446F-BAC6-60F78C22455B} = {4F188C9C-8365-45DE-A817-257A28F676D0}
	EndGlobalSection
	GlobalSection(ExtensibilityGlobals) = postSolution
		SolutionGuid = {73AFDF8B-0A3D-41E5-AE7F-92533DEA77D3}
	EndGlobalSection
EndGlobal
