
Microsoft Visual Studio Solution File, Format Version 12.00
# Visual Studio Version 17
VisualStudioVersion = 17.13.36105.23
MinimumVisualStudioVersion = 10.0.40219.1
Project("{2150E333-8FDC-42A3-9474-1A3956D46DE8}") = "src", "src", "{02EA681E-C7D8-13C7-8484-4AC65E1B71E8}"
EndProject
Project("{FAE04EC0-301F-11D3-BF4B-00C04F79EFBC}") = "FileNet.WebFramework", "src\FileNet.WebFramework\FileNet.WebFramework.csproj", "{4F678930-9ADC-4C13-A474-3864337677F4}"
EndProject
Project("{FAE04EC0-301F-11D3-BF4B-00C04F79EFBC}") = "FileNet.WebApplication", "src\FileNet.WebApplication\FileNet.WebApplication.csproj", "{429A6CA4-8E78-49A0-B219-5B6C8A812C13}"
EndProject
Project("{2150E333-8FDC-42A3-9474-1A3956D46DE8}") = "tests", "tests", "{734C369B-4357-4C2B-B4BF-A94ADC713E86}"
EndProject
Project("{FAE04EC0-301F-11D3-BF4B-00C04F79EFBC}") = "FileNet.Tests", "tests\FileNet.Tests\FileNet.Tests.csproj", "{1EFDD8F2-A90A-41C7-8FCD-70D906021B19}"
EndProject
Project("{FAE04EC0-301F-11D3-BF4B-00C04F79EFBC}") = "FileNet.Domain", "src\FileNet.Domain\FileNet.Domain.csproj", "{05B0C616-3F3A-4239-A607-CDBF1BC8DEF6}"
EndProject
Project("{FAE04EC0-301F-11D3-BF4B-00C04F79EFBC}") = "FileNet.Application", "src\FileNet.Application\FileNet.Application.csproj", "{0262F403-CF14-4304-9C3A-2C944F8AB43D}"
EndProject
Project("{FAE04EC0-301F-11D3-BF4B-00C04F79EFBC}") = "FileNet.Infrastructure", "src\FileNet.Infrastructure\FileNet.Infrastructure.csproj", "{A120CCDE-64F6-4EF9-9F2A-ECD9057D12E1}"
EndProject
Global
	GlobalSection(SolutionConfigurationPlatforms) = preSolution
		Debug|Any CPU = Debug|Any CPU
		Release|Any CPU = Release|Any CPU
	EndGlobalSection
	GlobalSection(ProjectConfigurationPlatforms) = postSolution
		{4F678930-9ADC-4C13-A474-3864337677F4}.Debug|Any CPU.ActiveCfg = Debug|Any CPU
		{4F678930-9ADC-4C13-A474-3864337677F4}.Debug|Any CPU.Build.0 = Debug|Any CPU
		{4F678930-9ADC-4C13-A474-3864337677F4}.Release|Any CPU.ActiveCfg = Release|Any CPU
		{4F678930-9ADC-4C13-A474-3864337677F4}.Release|Any CPU.Build.0 = Release|Any CPU
		{429A6CA4-8E78-49A0-B219-5B6C8A812C13}.Debug|Any CPU.ActiveCfg = Debug|Any CPU
		{429A6CA4-8E78-49A0-B219-5B6C8A812C13}.Debug|Any CPU.Build.0 = Debug|Any CPU
		{429A6CA4-8E78-49A0-B219-5B6C8A812C13}.Release|Any CPU.ActiveCfg = Release|Any CPU
		{429A6CA4-8E78-49A0-B219-5B6C8A812C13}.Release|Any CPU.Build.0 = Release|Any CPU
		{1EFDD8F2-A90A-41C7-8FCD-70D906021B19}.Debug|Any CPU.ActiveCfg = Debug|Any CPU
		{1EFDD8F2-A90A-41C7-8FCD-70D906021B19}.Debug|Any CPU.Build.0 = Debug|Any CPU
		{1EFDD8F2-A90A-41C7-8FCD-70D906021B19}.Release|Any CPU.ActiveCfg = Release|Any CPU
		{1EFDD8F2-A90A-41C7-8FCD-70D906021B19}.Release|Any CPU.Build.0 = Release|Any CPU
		{05B0C616-3F3A-4239-A607-CDBF1BC8DEF6}.Debug|Any CPU.ActiveCfg = Debug|Any CPU
		{05B0C616-3F3A-4239-A607-CDBF1BC8DEF6}.Debug|Any CPU.Build.0 = Debug|Any CPU
		{05B0C616-3F3A-4239-A607-CDBF1BC8DEF6}.Release|Any CPU.ActiveCfg = Release|Any CPU
		{05B0C616-3F3A-4239-A607-CDBF1BC8DEF6}.Release|Any CPU.Build.0 = Release|Any CPU
		{0262F403-CF14-4304-9C3A-2C944F8AB43D}.Debug|Any CPU.ActiveCfg = Debug|Any CPU
		{0262F403-CF14-4304-9C3A-2C944F8AB43D}.Debug|Any CPU.Build.0 = Debug|Any CPU
		{0262F403-CF14-4304-9C3A-2C944F8AB43D}.Release|Any CPU.ActiveCfg = Release|Any CPU
		{0262F403-CF14-4304-9C3A-2C944F8AB43D}.Release|Any CPU.Build.0 = Release|Any CPU
		{A120CCDE-64F6-4EF9-9F2A-ECD9057D12E1}.Debug|Any CPU.ActiveCfg = Debug|Any CPU
		{A120CCDE-64F6-4EF9-9F2A-ECD9057D12E1}.Debug|Any CPU.Build.0 = Debug|Any CPU
		{A120CCDE-64F6-4EF9-9F2A-ECD9057D12E1}.Release|Any CPU.ActiveCfg = Release|Any CPU
		{A120CCDE-64F6-4EF9-9F2A-ECD9057D12E1}.Release|Any CPU.Build.0 = Release|Any CPU
	EndGlobalSection
	GlobalSection(SolutionProperties) = preSolution
		HideSolutionNode = FALSE
	EndGlobalSection
	GlobalSection(NestedProjects) = preSolution
		{4F678930-9ADC-4C13-A474-3864337677F4} = {02EA681E-C7D8-13C7-8484-4AC65E1B71E8}
		{429A6CA4-8E78-49A0-B219-5B6C8A812C13} = {02EA681E-C7D8-13C7-8484-4AC65E1B71E8}
		{1EFDD8F2-A90A-41C7-8FCD-70D906021B19} = {734C369B-4357-4C2B-B4BF-A94ADC713E86}
		{05B0C616-3F3A-4239-A607-CDBF1BC8DEF6} = {02EA681E-C7D8-13C7-8484-4AC65E1B71E8}
		{0262F403-CF14-4304-9C3A-2C944F8AB43D} = {02EA681E-C7D8-13C7-8484-4AC65E1B71E8}
		{A120CCDE-64F6-4EF9-9F2A-ECD9057D12E1} = {02EA681E-C7D8-13C7-8484-4AC65E1B71E8}
	EndGlobalSection
	GlobalSection(ExtensibilityGlobals) = postSolution
		SolutionGuid = {73AFDF8B-0A3D-41E5-AE7F-92533DEA77D3}
	EndGlobalSection
EndGlobal
